
Microsoft Visual Studio Solution File, Format Version 12.00
# Visual Studio Version 17
VisualStudioVersion = 17.14.36717.8
MinimumVisualStudioVersion = 10.0.40219.1
Project("{FAE04EC0-301F-11D3-BF4B-00C04F79EFBC}") = "BinanceBotWpf", "BinanceBotWpf\BinanceBotWpf.csproj", "{940E10E9-7900-40DD-ADA4-DBE1682D2916}"
EndProject
Project("{FAE04EC0-301F-11D3-BF4B-00C04F79EFBC}") = "DataDownloader", "DataDownloader\DataDownloader.csproj", "{0138B4B2-DA33-4DB0-A1CE-CAA592A5261E}"
EndProject
Global
	GlobalSection(SolutionConfigurationPlatforms) = preSolution
		Debug|Any CPU = Debug|Any CPU
		Release|Any CPU = Release|Any CPU
	EndGlobalSection
	GlobalSection(ProjectConfigurationPlatforms) = postSolution
		{940E10E9-7900-40DD-ADA4-DBE1682D2916}.Debug|Any CPU.ActiveCfg = Debug|Any CPU
		{940E10E9-7900-40DD-ADA4-DBE1682D2916}.Debug|Any CPU.Build.0 = Debug|Any CPU
		{940E10E9-7900-40DD-ADA4-DBE1682D2916}.Release|Any CPU.ActiveCfg = Release|Any CPU
		{940E10E9-7900-40DD-ADA4-DBE1682D2916}.Release|Any CPU.Build.0 = Release|Any CPU
		{0138B4B2-DA33-4DB0-A1CE-CAA592A5261E}.Debug|Any CPU.ActiveCfg = Debug|Any CPU
		{0138B4B2-DA33-4DB0-A1CE-CAA592A5261E}.Debug|Any CPU.Build.0 = Debug|Any CPU
		{0138B4B2-DA33-4DB0-A1CE-CAA592A5261E}.Release|Any CPU.ActiveCfg = Release|Any CPU
		{0138B4B2-DA33-4DB0-A1CE-CAA592A5261E}.Release|Any CPU.Build.0 = Release|Any CPU
	EndGlobalSection
	GlobalSection(SolutionProperties) = preSolution
		HideSolutionNode = FALSE
	EndGlobalSection
	GlobalSection(ExtensibilityGlobals) = postSolution
		SolutionGuid = {163135A2-CCE6-4725-8D52-1B4749E5D6D3}
	EndGlobalSection
EndGlobal
